// !$*UTF8*$!
{
	archiveVersion = 1;
	classes = {
	};
	objectVersion = 55;
	objects = {

/* Begin PBXBuildFile section */
		412A47782877E9210091529E /* AppDelegate.swift in Sources */ = {isa = PBXBuildFile; fileRef = 412A47772877E9210091529E /* AppDelegate.swift */; };
		412A477C2877E9210091529E /* WeatherDashboardViewController.swift in Sources */ = {isa = PBXBuildFile; fileRef = 412A477B2877E9210091529E /* WeatherDashboardViewController.swift */; };
		412A477F2877E9210091529E /* Main.storyboard in Resources */ = {isa = PBXBuildFile; fileRef = 412A477D2877E9210091529E /* Main.storyboard */; };
		412A47812877E9220091529E /* Assets.xcassets in Resources */ = {isa = PBXBuildFile; fileRef = 412A47802877E9220091529E /* Assets.xcassets */; };
		412A47842877E9220091529E /* LaunchScreen.storyboard in Resources */ = {isa = PBXBuildFile; fileRef = 412A47822877E9220091529E /* LaunchScreen.storyboard */; };
		412A478F2877E9220091529E /* WeatherForecastTests.swift in Sources */ = {isa = PBXBuildFile; fileRef = 412A478E2877E9220091529E /* WeatherForecastTests.swift */; };
		412A47992877E9220091529E /* WeatherForecastUITests.swift in Sources */ = {isa = PBXBuildFile; fileRef = 412A47982877E9220091529E /* WeatherForecastUITests.swift */; };
		412A479B2877E9220091529E /* WeatherForecastUITestsLaunchTests.swift in Sources */ = {isa = PBXBuildFile; fileRef = 412A479A2877E9220091529E /* WeatherForecastUITestsLaunchTests.swift */; };
		412A47AD2877F0270091529E /* WeatherDashboardTableViewCell.swift in Sources */ = {isa = PBXBuildFile; fileRef = 412A47AC2877F0270091529E /* WeatherDashboardTableViewCell.swift */; };
		412A47AF2877F3630091529E /* WeatherDashboardViewModel.swift in Sources */ = {isa = PBXBuildFile; fileRef = 412A47AE2877F3630091529E /* WeatherDashboardViewModel.swift */; };
		412A47B12877F4770091529E /* WeatherDashboardModel.swift in Sources */ = {isa = PBXBuildFile; fileRef = 412A47B02877F4770091529E /* WeatherDashboardModel.swift */; };
		412A47B32877F9BA0091529E /* Temparature.swift in Sources */ = {isa = PBXBuildFile; fileRef = 412A47B22877F9BA0091529E /* Temparature.swift */; };
		412A47B52877F9CD0091529E /* Weather.swift in Sources */ = {isa = PBXBuildFile; fileRef = 412A47B42877F9CD0091529E /* Weather.swift */; };
/* End PBXBuildFile section */

/* Begin PBXContainerItemProxy section */
		412A478B2877E9220091529E /* PBXContainerItemProxy */ = {
			isa = PBXContainerItemProxy;
			containerPortal = 412A476C2877E9210091529E /* Project object */;
			proxyType = 1;
			remoteGlobalIDString = 412A47732877E9210091529E;
			remoteInfo = WeatherForecast;
		};
		412A47952877E9220091529E /* PBXContainerItemProxy */ = {
			isa = PBXContainerItemProxy;
			containerPortal = 412A476C2877E9210091529E /* Project object */;
			proxyType = 1;
			remoteGlobalIDString = 412A47732877E9210091529E;
			remoteInfo = WeatherForecast;
		};
/* End PBXContainerItemProxy section */

/* Begin PBXFileReference section */
		412A47742877E9210091529E /* WeatherForecast.app */ = {isa = PBXFileReference; explicitFileType = wrapper.application; includeInIndex = 0; path = WeatherForecast.app; sourceTree = BUILT_PRODUCTS_DIR; };
		412A47772877E9210091529E /* AppDelegate.swift */ = {isa = PBXFileReference; lastKnownFileType = sourcecode.swift; path = AppDelegate.swift; sourceTree = "<group>"; };
		412A477B2877E9210091529E /* WeatherDashboardViewController.swift */ = {isa = PBXFileReference; lastKnownFileType = sourcecode.swift; path = WeatherDashboardViewController.swift; sourceTree = "<group>"; };
		412A477E2877E9210091529E /* Base */ = {isa = PBXFileReference; lastKnownFileType = file.storyboard; name = Base; path = Base.lproj/Main.storyboard; sourceTree = "<group>"; };
		412A47802877E9220091529E /* Assets.xcassets */ = {isa = PBXFileReference; lastKnownFileType = folder.assetcatalog; path = Assets.xcassets; sourceTree = "<group>"; };
		412A47832877E9220091529E /* Base */ = {isa = PBXFileReference; lastKnownFileType = file.storyboard; name = Base; path = Base.lproj/LaunchScreen.storyboard; sourceTree = "<group>"; };
		412A47852877E9220091529E /* Info.plist */ = {isa = PBXFileReference; lastKnownFileType = text.plist.xml; path = Info.plist; sourceTree = "<group>"; };
		412A478A2877E9220091529E /* WeatherForecastTests.xctest */ = {isa = PBXFileReference; explicitFileType = wrapper.cfbundle; includeInIndex = 0; path = WeatherForecastTests.xctest; sourceTree = BUILT_PRODUCTS_DIR; };
		412A478E2877E9220091529E /* WeatherForecastTests.swift */ = {isa = PBXFileReference; lastKnownFileType = sourcecode.swift; path = WeatherForecastTests.swift; sourceTree = "<group>"; };
		412A47942877E9220091529E /* WeatherForecastUITests.xctest */ = {isa = PBXFileReference; explicitFileType = wrapper.cfbundle; includeInIndex = 0; path = WeatherForecastUITests.xctest; sourceTree = BUILT_PRODUCTS_DIR; };
		412A47982877E9220091529E /* WeatherForecastUITests.swift */ = {isa = PBXFileReference; lastKnownFileType = sourcecode.swift; path = WeatherForecastUITests.swift; sourceTree = "<group>"; };
		412A479A2877E9220091529E /* WeatherForecastUITestsLaunchTests.swift */ = {isa = PBXFileReference; lastKnownFileType = sourcecode.swift; path = WeatherForecastUITestsLaunchTests.swift; sourceTree = "<group>"; };
		412A47AC2877F0270091529E /* WeatherDashboardTableViewCell.swift */ = {isa = PBXFileReference; lastKnownFileType = sourcecode.swift; path = WeatherDashboardTableViewCell.swift; sourceTree = "<group>"; };
		412A47AE2877F3630091529E /* WeatherDashboardViewModel.swift */ = {isa = PBXFileReference; lastKnownFileType = sourcecode.swift; path = WeatherDashboardViewModel.swift; sourceTree = "<group>"; };
		412A47B02877F4770091529E /* WeatherDashboardModel.swift */ = {isa = PBXFileReference; lastKnownFileType = sourcecode.swift; path = WeatherDashboardModel.swift; sourceTree = "<group>"; };
		412A47B22877F9BA0091529E /* Temparature.swift */ = {isa = PBXFileReference; lastKnownFileType = sourcecode.swift; path = Temparature.swift; sourceTree = "<group>"; };
		412A47B42877F9CD0091529E /* Weather.swift */ = {isa = PBXFileReference; lastKnownFileType = sourcecode.swift; path = Weather.swift; sourceTree = "<group>"; };
/* End PBXFileReference section */

/* Begin PBXFrameworksBuildPhase section */
		412A47712877E9210091529E /* Frameworks */ = {
			isa = PBXFrameworksBuildPhase;
			buildActionMask = 2147483647;
			files = (
			);
			runOnlyForDeploymentPostprocessing = 0;
		};
		412A47872877E9220091529E /* Frameworks */ = {
			isa = PBXFrameworksBuildPhase;
			buildActionMask = 2147483647;
			files = (
			);
			runOnlyForDeploymentPostprocessing = 0;
		};
		412A47912877E9220091529E /* Frameworks */ = {
			isa = PBXFrameworksBuildPhase;
			buildActionMask = 2147483647;
			files = (
			);
			runOnlyForDeploymentPostprocessing = 0;
		};
/* End PBXFrameworksBuildPhase section */

/* Begin PBXGroup section */
		412A476B2877E9210091529E = {
			isa = PBXGroup;
			children = (
				412A47762877E9210091529E /* WeatherForecast */,
				412A478D2877E9220091529E /* WeatherForecastTests */,
				412A47972877E9220091529E /* WeatherForecastUITests */,
				412A47752877E9210091529E /* Products */,
			);
			sourceTree = "<group>";
		};
		412A47752877E9210091529E /* Products */ = {
			isa = PBXGroup;
			children = (
				412A47742877E9210091529E /* WeatherForecast.app */,
				412A478A2877E9220091529E /* WeatherForecastTests.xctest */,
				412A47942877E9220091529E /* WeatherForecastUITests.xctest */,
			);
			name = Products;
			sourceTree = "<group>";
		};
		412A47762877E9210091529E /* WeatherForecast */ = {
			isa = PBXGroup;
			children = (
				412A47A72877EAE70091529E /* AppDelegate */,
				412A47A82877EAF30091529E /* Main Page */,
				412A477D2877E9210091529E /* Main.storyboard */,
				412A47802877E9220091529E /* Assets.xcassets */,
				412A47822877E9220091529E /* LaunchScreen.storyboard */,
				412A47852877E9220091529E /* Info.plist */,
			);
			path = WeatherForecast;
			sourceTree = "<group>";
		};
		412A478D2877E9220091529E /* WeatherForecastTests */ = {
			isa = PBXGroup;
			children = (
				412A478E2877E9220091529E /* WeatherForecastTests.swift */,
			);
			path = WeatherForecastTests;
			sourceTree = "<group>";
		};
		412A47972877E9220091529E /* WeatherForecastUITests */ = {
			isa = PBXGroup;
			children = (
				412A47982877E9220091529E /* WeatherForecastUITests.swift */,
				412A479A2877E9220091529E /* WeatherForecastUITestsLaunchTests.swift */,
			);
			path = WeatherForecastUITests;
			sourceTree = "<group>";
		};
		412A47A72877EAE70091529E /* AppDelegate */ = {
			isa = PBXGroup;
			children = (
				412A47772877E9210091529E /* AppDelegate.swift */,
			);
			path = AppDelegate;
			sourceTree = "<group>";
		};
		412A47A82877EAF30091529E /* Main Page */ = {
			isa = PBXGroup;
			children = (
				412A47AB2877EB200091529E /* Model */,
				412A47A92877EB140091529E /* View */,
				412A47AA2877EB1A0091529E /* ViewModel */,
			);
			path = "Main Page";
			sourceTree = "<group>";
		};
		412A47A92877EB140091529E /* View */ = {
			isa = PBXGroup;
			children = (
				412A477B2877E9210091529E /* WeatherDashboardViewController.swift */,
				412A47AC2877F0270091529E /* WeatherDashboardTableViewCell.swift */,
			);
			path = View;
			sourceTree = "<group>";
		};
		412A47AA2877EB1A0091529E /* ViewModel */ = {
			isa = PBXGroup;
			children = (
				412A47AE2877F3630091529E /* WeatherDashboardViewModel.swift */,
			);
			path = ViewModel;
			sourceTree = "<group>";
		};
		412A47AB2877EB200091529E /* Model */ = {
			isa = PBXGroup;
			children = (
				412A47B02877F4770091529E /* WeatherDashboardModel.swift */,
				412A47B22877F9BA0091529E /* Temparature.swift */,
				412A47B42877F9CD0091529E /* Weather.swift */,
			);
			path = Model;
			sourceTree = "<group>";
		};
/* End PBXGroup section */

/* Begin PBXNativeTarget section */
		412A47732877E9210091529E /* WeatherForecast */ = {
			isa = PBXNativeTarget;
			buildConfigurationList = 412A479E2877E9220091529E /* Build configuration list for PBXNativeTarget "WeatherForecast" */;
			buildPhases = (
				412A47702877E9210091529E /* Sources */,
				412A47712877E9210091529E /* Frameworks */,
				412A47722877E9210091529E /* Resources */,
			);
			buildRules = (
			);
			dependencies = (
			);
			name = WeatherForecast;
			productName = WeatherForecast;
			productReference = 412A47742877E9210091529E /* WeatherForecast.app */;
			productType = "com.apple.product-type.application";
		};
		412A47892877E9220091529E /* WeatherForecastTests */ = {
			isa = PBXNativeTarget;
			buildConfigurationList = 412A47A12877E9220091529E /* Build configuration list for PBXNativeTarget "WeatherForecastTests" */;
			buildPhases = (
				412A47862877E9220091529E /* Sources */,
				412A47872877E9220091529E /* Frameworks */,
				412A47882877E9220091529E /* Resources */,
			);
			buildRules = (
			);
			dependencies = (
				412A478C2877E9220091529E /* PBXTargetDependency */,
			);
			name = WeatherForecastTests;
			productName = WeatherForecastTests;
			productReference = 412A478A2877E9220091529E /* WeatherForecastTests.xctest */;
			productType = "com.apple.product-type.bundle.unit-test";
		};
		412A47932877E9220091529E /* WeatherForecastUITests */ = {
			isa = PBXNativeTarget;
			buildConfigurationList = 412A47A42877E9220091529E /* Build configuration list for PBXNativeTarget "WeatherForecastUITests" */;
			buildPhases = (
				412A47902877E9220091529E /* Sources */,
				412A47912877E9220091529E /* Frameworks */,
				412A47922877E9220091529E /* Resources */,
			);
			buildRules = (
			);
			dependencies = (
				412A47962877E9220091529E /* PBXTargetDependency */,
			);
			name = WeatherForecastUITests;
			productName = WeatherForecastUITests;
			productReference = 412A47942877E9220091529E /* WeatherForecastUITests.xctest */;
			productType = "com.apple.product-type.bundle.ui-testing";
		};
/* End PBXNativeTarget section */

/* Begin PBXProject section */
		412A476C2877E9210091529E /* Project object */ = {
			isa = PBXProject;
			attributes = {
				BuildIndependentTargetsInParallel = 1;
				LastSwiftUpdateCheck = 1340;
				LastUpgradeCheck = 1340;
				TargetAttributes = {
					412A47732877E9210091529E = {
						CreatedOnToolsVersion = 13.4.1;
					};
					412A47892877E9220091529E = {
						CreatedOnToolsVersion = 13.4.1;
						TestTargetID = 412A47732877E9210091529E;
					};
					412A47932877E9220091529E = {
						CreatedOnToolsVersion = 13.4.1;
						TestTargetID = 412A47732877E9210091529E;
					};
				};
			};
			buildConfigurationList = 412A476F2877E9210091529E /* Build configuration list for PBXProject "WeatherForecast" */;
			compatibilityVersion = "Xcode 13.0";
			developmentRegion = en;
			hasScannedForEncodings = 0;
			knownRegions = (
				en,
				Base,
			);
			mainGroup = 412A476B2877E9210091529E;
			productRefGroup = 412A47752877E9210091529E /* Products */;
			projectDirPath = "";
			projectRoot = "";
			targets = (
				412A47732877E9210091529E /* WeatherForecast */,
				412A47892877E9220091529E /* WeatherForecastTests */,
				412A47932877E9220091529E /* WeatherForecastUITests */,
			);
		};
/* End PBXProject section */

/* Begin PBXResourcesBuildPhase section */
		412A47722877E9210091529E /* Resources */ = {
			isa = PBXResourcesBuildPhase;
			buildActionMask = 2147483647;
			files = (
				412A47842877E9220091529E /* LaunchScreen.storyboard in Resources */,
				412A47812877E9220091529E /* Assets.xcassets in Resources */,
				412A477F2877E9210091529E /* Main.storyboard in Resources */,
			);
			runOnlyForDeploymentPostprocessing = 0;
		};
		412A47882877E9220091529E /* Resources */ = {
			isa = PBXResourcesBuildPhase;
			buildActionMask = 2147483647;
			files = (
			);
			runOnlyForDeploymentPostprocessing = 0;
		};
		412A47922877E9220091529E /* Resources */ = {
			isa = PBXResourcesBuildPhase;
			buildActionMask = 2147483647;
			files = (
			);
			runOnlyForDeploymentPostprocessing = 0;
		};
/* End PBXResourcesBuildPhase section */

/* Begin PBXSourcesBuildPhase section */
		412A47702877E9210091529E /* Sources */ = {
			isa = PBXSourcesBuildPhase;
			buildActionMask = 2147483647;
			files = (
				412A47B32877F9BA0091529E /* Temparature.swift in Sources */,
				412A477C2877E9210091529E /* WeatherDashboardViewController.swift in Sources */,
				412A47AD2877F0270091529E /* WeatherDashboardTableViewCell.swift in Sources */,
				412A47AF2877F3630091529E /* WeatherDashboardViewModel.swift in Sources */,
				412A47782877E9210091529E /* AppDelegate.swift in Sources */,
				412A47B12877F4770091529E /* WeatherDashboardModel.swift in Sources */,
				412A47B52877F9CD0091529E /* Weather.swift in Sources */,
			);
			runOnlyForDeploymentPostprocessing = 0;
		};
		412A47862877E9220091529E /* Sources */ = {
			isa = PBXSourcesBuildPhase;
			buildActionMask = 2147483647;
			files = (
				412A478F2877E9220091529E /* WeatherForecastTests.swift in Sources */,
			);
			runOnlyForDeploymentPostprocessing = 0;
		};
		412A47902877E9220091529E /* Sources */ = {
			isa = PBXSourcesBuildPhase;
			buildActionMask = 2147483647;
			files = (
				412A479B2877E9220091529E /* WeatherForecastUITestsLaunchTests.swift in Sources */,
				412A47992877E9220091529E /* WeatherForecastUITests.swift in Sources */,
			);
			runOnlyForDeploymentPostprocessing = 0;
		};
/* End PBXSourcesBuildPhase section */

/* Begin PBXTargetDependency section */
		412A478C2877E9220091529E /* PBXTargetDependency */ = {
			isa = PBXTargetDependency;
			target = 412A47732877E9210091529E /* WeatherForecast */;
			targetProxy = 412A478B2877E9220091529E /* PBXContainerItemProxy */;
		};
		412A47962877E9220091529E /* PBXTargetDependency */ = {
			isa = PBXTargetDependency;
			target = 412A47732877E9210091529E /* WeatherForecast */;
			targetProxy = 412A47952877E9220091529E /* PBXContainerItemProxy */;
		};
/* End PBXTargetDependency section */

/* Begin PBXVariantGroup section */
		412A477D2877E9210091529E /* Main.storyboard */ = {
			isa = PBXVariantGroup;
			children = (
				412A477E2877E9210091529E /* Base */,
			);
			name = Main.storyboard;
			sourceTree = "<group>";
		};
		412A47822877E9220091529E /* LaunchScreen.storyboard */ = {
			isa = PBXVariantGroup;
			children = (
				412A47832877E9220091529E /* Base */,
			);
			name = LaunchScreen.storyboard;
			sourceTree = "<group>";
		};
/* End PBXVariantGroup section */

/* Begin XCBuildConfiguration section */
		412A479C2877E9220091529E /* Debug */ = {
			isa = XCBuildConfiguration;
			buildSettings = {
				ALWAYS_SEARCH_USER_PATHS = NO;
				CLANG_ANALYZER_NONNULL = YES;
				CLANG_ANALYZER_NUMBER_OBJECT_CONVERSION = YES_AGGRESSIVE;
				CLANG_CXX_LANGUAGE_STANDARD = "gnu++17";
				CLANG_ENABLE_MODULES = YES;
				CLANG_ENABLE_OBJC_ARC = YES;
				CLANG_ENABLE_OBJC_WEAK = YES;
				CLANG_WARN_BLOCK_CAPTURE_AUTORELEASING = YES;
				CLANG_WARN_BOOL_CONVERSION = YES;
				CLANG_WARN_COMMA = YES;
				CLANG_WARN_CONSTANT_CONVERSION = YES;
				CLANG_WARN_DEPRECATED_OBJC_IMPLEMENTATIONS = YES;
				CLANG_WARN_DIRECT_OBJC_ISA_USAGE = YES_ERROR;
				CLANG_WARN_DOCUMENTATION_COMMENTS = YES;
				CLANG_WARN_EMPTY_BODY = YES;
				CLANG_WARN_ENUM_CONVERSION = YES;
				CLANG_WARN_INFINITE_RECURSION = YES;
				CLANG_WARN_INT_CONVERSION = YES;
				CLANG_WARN_NON_LITERAL_NULL_CONVERSION = YES;
				CLANG_WARN_OBJC_IMPLICIT_RETAIN_SELF = YES;
				CLANG_WARN_OBJC_LITERAL_CONVERSION = YES;
				CLANG_WARN_OBJC_ROOT_CLASS = YES_ERROR;
				CLANG_WARN_QUOTED_INCLUDE_IN_FRAMEWORK_HEADER = YES;
				CLANG_WARN_RANGE_LOOP_ANALYSIS = YES;
				CLANG_WARN_STRICT_PROTOTYPES = YES;
				CLANG_WARN_SUSPICIOUS_MOVE = YES;
				CLANG_WARN_UNGUARDED_AVAILABILITY = YES_AGGRESSIVE;
				CLANG_WARN_UNREACHABLE_CODE = YES;
				CLANG_WARN__DUPLICATE_METHOD_MATCH = YES;
				COPY_PHASE_STRIP = NO;
				DEBUG_INFORMATION_FORMAT = dwarf;
				ENABLE_STRICT_OBJC_MSGSEND = YES;
				ENABLE_TESTABILITY = YES;
				GCC_C_LANGUAGE_STANDARD = gnu11;
				GCC_DYNAMIC_NO_PIC = NO;
				GCC_NO_COMMON_BLOCKS = YES;
				GCC_OPTIMIZATION_LEVEL = 0;
				GCC_PREPROCESSOR_DEFINITIONS = (
					"DEBUG=1",
					"$(inherited)",
				);
				GCC_WARN_64_TO_32_BIT_CONVERSION = YES;
				GCC_WARN_ABOUT_RETURN_TYPE = YES_ERROR;
				GCC_WARN_UNDECLARED_SELECTOR = YES;
				GCC_WARN_UNINITIALIZED_AUTOS = YES_AGGRESSIVE;
				GCC_WARN_UNUSED_FUNCTION = YES;
				GCC_WARN_UNUSED_VARIABLE = YES;
				IPHONEOS_DEPLOYMENT_TARGET = 15.5;
				MTL_ENABLE_DEBUG_INFO = INCLUDE_SOURCE;
				MTL_FAST_MATH = YES;
				ONLY_ACTIVE_ARCH = YES;
				SDKROOT = iphoneos;
				SWIFT_ACTIVE_COMPILATION_CONDITIONS = DEBUG;
				SWIFT_OPTIMIZATION_LEVEL = "-Onone";
			};
			name = Debug;
		};
		412A479D2877E9220091529E /* Release */ = {
			isa = XCBuildConfiguration;
			buildSettings = {
				ALWAYS_SEARCH_USER_PATHS = NO;
				CLANG_ANALYZER_NONNULL = YES;
				CLANG_ANALYZER_NUMBER_OBJECT_CONVERSION = YES_AGGRESSIVE;
				CLANG_CXX_LANGUAGE_STANDARD = "gnu++17";
				CLANG_ENABLE_MODULES = YES;
				CLANG_ENABLE_OBJC_ARC = YES;
				CLANG_ENABLE_OBJC_WEAK = YES;
				CLANG_WARN_BLOCK_CAPTURE_AUTORELEASING = YES;
				CLANG_WARN_BOOL_CONVERSION = YES;
				CLANG_WARN_COMMA = YES;
				CLANG_WARN_CONSTANT_CONVERSION = YES;
				CLANG_WARN_DEPRECATED_OBJC_IMPLEMENTATIONS = YES;
				CLANG_WARN_DIRECT_OBJC_ISA_USAGE = YES_ERROR;
				CLANG_WARN_DOCUMENTATION_COMMENTS = YES;
				CLANG_WARN_EMPTY_BODY = YES;
				CLANG_WARN_ENUM_CONVERSION = YES;
				CLANG_WARN_INFINITE_RECURSION = YES;
				CLANG_WARN_INT_CONVERSION = YES;
				CLANG_WARN_NON_LITERAL_NULL_CONVERSION = YES;
				CLANG_WARN_OBJC_IMPLICIT_RETAIN_SELF = YES;
				CLANG_WARN_OBJC_LITERAL_CONVERSION = YES;
				CLANG_WARN_OBJC_ROOT_CLASS = YES_ERROR;
				CLANG_WARN_QUOTED_INCLUDE_IN_FRAMEWORK_HEADER = YES;
				CLANG_WARN_RANGE_LOOP_ANALYSIS = YES;
				CLANG_WARN_STRICT_PROTOTYPES = YES;
				CLANG_WARN_SUSPICIOUS_MOVE = YES;
				CLANG_WARN_UNGUARDED_AVAILABILITY = YES_AGGRESSIVE;
				CLANG_WARN_UNREACHABLE_CODE = YES;
				CLANG_WARN__DUPLICATE_METHOD_MATCH = YES;
				COPY_PHASE_STRIP = NO;
				DEBUG_INFORMATION_FORMAT = "dwarf-with-dsym";
				ENABLE_NS_ASSERTIONS = NO;
				ENABLE_STRICT_OBJC_MSGSEND = YES;
				GCC_C_LANGUAGE_STANDARD = gnu11;
				GCC_NO_COMMON_BLOCKS = YES;
				GCC_WARN_64_TO_32_BIT_CONVERSION = YES;
				GCC_WARN_ABOUT_RETURN_TYPE = YES_ERROR;
				GCC_WARN_UNDECLARED_SELECTOR = YES;
				GCC_WARN_UNINITIALIZED_AUTOS = YES_AGGRESSIVE;
				GCC_WARN_UNUSED_FUNCTION = YES;
				GCC_WARN_UNUSED_VARIABLE = YES;
				IPHONEOS_DEPLOYMENT_TARGET = 15.5;
				MTL_ENABLE_DEBUG_INFO = NO;
				MTL_FAST_MATH = YES;
				SDKROOT = iphoneos;
				SWIFT_COMPILATION_MODE = wholemodule;
				SWIFT_OPTIMIZATION_LEVEL = "-O";
				VALIDATE_PRODUCT = YES;
			};
			name = Release;
		};
		412A479F2877E9220091529E /* Debug */ = {
			isa = XCBuildConfiguration;
			buildSettings = {
				ASSETCATALOG_COMPILER_APPICON_NAME = AppIcon;
				ASSETCATALOG_COMPILER_GLOBAL_ACCENT_COLOR_NAME = AccentColor;
				CODE_SIGN_STYLE = Automatic;
				CURRENT_PROJECT_VERSION = 1;
				GENERATE_INFOPLIST_FILE = YES;
				INFOPLIST_FILE = WeatherForecast/Info.plist;
				INFOPLIST_KEY_UIApplicationSupportsIndirectInputEvents = YES;
				INFOPLIST_KEY_UILaunchStoryboardName = LaunchScreen;
				INFOPLIST_KEY_UIMainStoryboardFile = Main;
				INFOPLIST_KEY_UISupportedInterfaceOrientations_iPad = "UIInterfaceOrientationPortrait UIInterfaceOrientationPortraitUpsideDown UIInterfaceOrientationLandscapeLeft UIInterfaceOrientationLandscapeRight";
				INFOPLIST_KEY_UISupportedInterfaceOrientations_iPhone = "UIInterfaceOrientationPortrait UIInterfaceOrientationLandscapeLeft UIInterfaceOrientationLandscapeRight";
				IPHONEOS_DEPLOYMENT_TARGET = 13.0;
				LD_RUNPATH_SEARCH_PATHS = (
					"$(inherited)",
					"@executable_path/Frameworks",
				);
				MARKETING_VERSION = 1.0;
				PRODUCT_BUNDLE_IDENTIFIER = com.nab.WeatherForecast;
				PRODUCT_NAME = "$(TARGET_NAME)";
				SWIFT_EMIT_LOC_STRINGS = YES;
				SWIFT_VERSION = 5.0;
				TARGETED_DEVICE_FAMILY = "1,2";
			};
			name = Debug;
		};
		412A47A02877E9220091529E /* Release */ = {
			isa = XCBuildConfiguration;
			buildSettings = {
				ASSETCATALOG_COMPILER_APPICON_NAME = AppIcon;
				ASSETCATALOG_COMPILER_GLOBAL_ACCENT_COLOR_NAME = AccentColor;
				CODE_SIGN_STYLE = Automatic;
				CURRENT_PROJECT_VERSION = 1;
				GENERATE_INFOPLIST_FILE = YES;
				INFOPLIST_FILE = WeatherForecast/Info.plist;
				INFOPLIST_KEY_UIApplicationSupportsIndirectInputEvents = YES;
				INFOPLIST_KEY_UILaunchStoryboardName = LaunchScreen;
				INFOPLIST_KEY_UIMainStoryboardFile = Main;
				INFOPLIST_KEY_UISupportedInterfaceOrientations_iPad = "UIInterfaceOrientationPortrait UIInterfaceOrientationPortraitUpsideDown UIInterfaceOrientationLandscapeLeft UIInterfaceOrientationLandscapeRight";
				INFOPLIST_KEY_UISupportedInterfaceOrientations_iPhone = "UIInterfaceOrientationPortrait UIInterfaceOrientationLandscapeLeft UIInterfaceOrientationLandscapeRight";
				IPHONEOS_DEPLOYMENT_TARGET = 13.0;
				LD_RUNPATH_SEARCH_PATHS = (
					"$(inherited)",
					"@executable_path/Frameworks",
				);
				MARKETING_VERSION = 1.0;
				PRODUCT_BUNDLE_IDENTIFIER = com.nab.WeatherForecast;
				PRODUCT_NAME = "$(TARGET_NAME)";
				SWIFT_EMIT_LOC_STRINGS = YES;
				SWIFT_VERSION = 5.0;
				TARGETED_DEVICE_FAMILY = "1,2";
			};
			name = Release;
		};
		412A47A22877E9220091529E /* Debug */ = {
			isa = XCBuildConfiguration;
			buildSettings = {
				ALWAYS_EMBED_SWIFT_STANDARD_LIBRARIES = YES;
				BUNDLE_LOADER = "$(TEST_HOST)";
				CODE_SIGN_STYLE = Automatic;
				CURRENT_PROJECT_VERSION = 1;
				GENERATE_INFOPLIST_FILE = YES;
				IPHONEOS_DEPLOYMENT_TARGET = 15.5;
				MARKETING_VERSION = 1.0;
				PRODUCT_BUNDLE_IDENTIFIER = com.nab.WeatherForecastTests;
				PRODUCT_NAME = "$(TARGET_NAME)";
				SWIFT_EMIT_LOC_STRINGS = NO;
				SWIFT_VERSION = 5.0;
				TARGETED_DEVICE_FAMILY = "1,2";
				TEST_HOST = "$(BUILT_PRODUCTS_DIR)/WeatherForecast.app/WeatherForecast";
			};
			name = Debug;
		};
		412A47A32877E9220091529E /* Release */ = {
			isa = XCBuildConfiguration;
			buildSettings = {
				ALWAYS_EMBED_SWIFT_STANDARD_LIBRARIES = YES;
				BUNDLE_LOADER = "$(TEST_HOST)";
				CODE_SIGN_STYLE = Automatic;
				CURRENT_PROJECT_VERSION = 1;
				GENERATE_INFOPLIST_FILE = YES;
				IPHONEOS_DEPLOYMENT_TARGET = 15.5;
				MARKETING_VERSION = 1.0;
				PRODUCT_BUNDLE_IDENTIFIER = com.nab.WeatherForecastTests;
				PRODUCT_NAME = "$(TARGET_NAME)";
				SWIFT_EMIT_LOC_STRINGS = NO;
				SWIFT_VERSION = 5.0;
				TARGETED_DEVICE_FAMILY = "1,2";
				TEST_HOST = "$(BUILT_PRODUCTS_DIR)/WeatherForecast.app/WeatherForecast";
			};
			name = Release;
		};
		412A47A52877E9220091529E /* Debug */ = {
			isa = XCBuildConfiguration;
			buildSettings = {
				ALWAYS_EMBED_SWIFT_STANDARD_LIBRARIES = YES;
				CODE_SIGN_STYLE = Automatic;
				CURRENT_PROJECT_VERSION = 1;
				GENERATE_INFOPLIST_FILE = YES;
				MARKETING_VERSION = 1.0;
				PRODUCT_BUNDLE_IDENTIFIER = com.nab.WeatherForecastUITests;
				PRODUCT_NAME = "$(TARGET_NAME)";
				SWIFT_EMIT_LOC_STRINGS = NO;
				SWIFT_VERSION = 5.0;
				TARGETED_DEVICE_FAMILY = "1,2";
				TEST_TARGET_NAME = WeatherForecast;
			};
			name = Debug;
		};
		412A47A62877E9220091529E /* Release */ = {
			isa = XCBuildConfiguration;
			buildSettings = {
				ALWAYS_EMBED_SWIFT_STANDARD_LIBRARIES = YES;
				CODE_SIGN_STYLE = Automatic;
				CURRENT_PROJECT_VERSION = 1;
				GENERATE_INFOPLIST_FILE = YES;
				MARKETING_VERSION = 1.0;
				PRODUCT_BUNDLE_IDENTIFIER = com.nab.WeatherForecastUITests;
				PRODUCT_NAME = "$(TARGET_NAME)";
				SWIFT_EMIT_LOC_STRINGS = NO;
				SWIFT_VERSION = 5.0;
				TARGETED_DEVICE_FAMILY = "1,2";
				TEST_TARGET_NAME = WeatherForecast;
			};
			name = Release;
		};
/* End XCBuildConfiguration section */

/* Begin XCConfigurationList section */
		412A476F2877E9210091529E /* Build configuration list for PBXProject "WeatherForecast" */ = {
			isa = XCConfigurationList;
			buildConfigurations = (
				412A479C2877E9220091529E /* Debug */,
				412A479D2877E9220091529E /* Release */,
			);
			defaultConfigurationIsVisible = 0;
			defaultConfigurationName = Release;
		};
		412A479E2877E9220091529E /* Build configuration list for PBXNativeTarget "WeatherForecast" */ = {
			isa = XCConfigurationList;
			buildConfigurations = (
				412A479F2877E9220091529E /* Debug */,
				412A47A02877E9220091529E /* Release */,
			);
			defaultConfigurationIsVisible = 0;
			defaultConfigurationName = Release;
		};
		412A47A12877E9220091529E /* Build configuration list for PBXNativeTarget "WeatherForecastTests" */ = {
			isa = XCConfigurationList;
			buildConfigurations = (
				412A47A22877E9220091529E /* Debug */,
				412A47A32877E9220091529E /* Release */,
			);
			defaultConfigurationIsVisible = 0;
			defaultConfigurationName = Release;
		};
		412A47A42877E9220091529E /* Build configuration list for PBXNativeTarget "WeatherForecastUITests" */ = {
			isa = XCConfigurationList;
			buildConfigurations = (
				412A47A52877E9220091529E /* Debug */,
				412A47A62877E9220091529E /* Release */,
			);
			defaultConfigurationIsVisible = 0;
			defaultConfigurationName = Release;
		};
/* End XCConfigurationList section */
	};
	rootObject = 412A476C2877E9210091529E /* Project object */;
}
